# This file is generated by running "yarn install" inside your project.
# Manual changes might be lost - proceed with caution!

__metadata:
  version: 6
  cacheKey: 8

"three@npm:^0.147.0":
  version: 0.147.0
  resolution: "three@npm:0.147.0"
  checksum: 9d4abdf2125e8b20cd67200a826f23bc1e8f6fc2d325768f8233c24fab7d621968bbe2274a45acd6ca709c076dd271c92d3c9dc4fe2439e4a6b2fae0ba1e6828
  languageName: node
  linkType: hard

"threejs-studies@workspace:.":
  version: 0.0.0-use.local
  resolution: "threejs-studies@workspace:."
  dependencies:
    three: ^0.147.0
  languageName: unknown
  linkType: soft
